// !$*UTF8*$!
{
	archiveVersion = 1;
	classes = {
	};
	objectVersion = 46;
	objects = {

/* Begin PBXBuildFile section */
		AA2691E81B128D7D00F3FA79 /* AppDelegate.swift in Sources */ = {isa = PBXBuildFile; fileRef = AA2691E71B128D7D00F3FA79 /* AppDelegate.swift */; };
		AA2691EA1B128D7D00F3FA79 /* ViewController.swift in Sources */ = {isa = PBXBuildFile; fileRef = AA2691E91B128D7D00F3FA79 /* ViewController.swift */; };
		AA2691ED1B128D7D00F3FA79 /* Main.storyboard in Resources */ = {isa = PBXBuildFile; fileRef = AA2691EB1B128D7D00F3FA79 /* Main.storyboard */; };
		AA2691EF1B128D7D00F3FA79 /* Images.xcassets in Resources */ = {isa = PBXBuildFile; fileRef = AA2691EE1B128D7D00F3FA79 /* Images.xcassets */; };
		AA2691F21B128D7D00F3FA79 /* LaunchScreen.xib in Resources */ = {isa = PBXBuildFile; fileRef = AA2691F01B128D7D00F3FA79 /* LaunchScreen.xib */; };
		AA2691FE1B128D7D00F3FA79 /* PostCardTests.swift in Sources */ = {isa = PBXBuildFile; fileRef = AA2691FD1B128D7D00F3FA79 /* PostCardTests.swift */; };
		AA26920A1B12941300F3FA79 /* SagradaFamilia.jpeg in Resources */ = {isa = PBXBuildFile; fileRef = AA2692091B12941300F3FA79 /* SagradaFamilia.jpeg */; };
		AA26920C1B1297BF00F3FA79 /* AlbertEinsteinStamp.jpg in Resources */ = {isa = PBXBuildFile; fileRef = AA26920B1B1297BF00F3FA79 /* AlbertEinsteinStamp.jpg */; };
/* End PBXBuildFile section */

/* Begin PBXContainerItemProxy section */
		AA2691F81B128D7D00F3FA79 /* PBXContainerItemProxy */ = {
			isa = PBXContainerItemProxy;
			containerPortal = AA2691DA1B128D7D00F3FA79 /* Project object */;
			proxyType = 1;
			remoteGlobalIDString = AA2691E11B128D7D00F3FA79;
			remoteInfo = PostCard;
		};
/* End PBXContainerItemProxy section */

/* Begin PBXFileReference section */
		AA2691E21B128D7D00F3FA79 /* PostCard.app */ = {isa = PBXFileReference; explicitFileType = wrapper.application; includeInIndex = 0; path = PostCard.app; sourceTree = BUILT_PRODUCTS_DIR; };
		AA2691E61B128D7D00F3FA79 /* Info.plist */ = {isa = PBXFileReference; lastKnownFileType = text.plist.xml; path = Info.plist; sourceTree = "<group>"; };
		AA2691E71B128D7D00F3FA79 /* AppDelegate.swift */ = {isa = PBXFileReference; lastKnownFileType = sourcecode.swift; path = AppDelegate.swift; sourceTree = "<group>"; };
		AA2691E91B128D7D00F3FA79 /* ViewController.swift */ = {isa = PBXFileReference; lastKnownFileType = sourcecode.swift; path = ViewController.swift; sourceTree = "<group>"; };
		AA2691EC1B128D7D00F3FA79 /* Base */ = {isa = PBXFileReference; lastKnownFileType = file.storyboard; name = Base; path = Base.lproj/Main.storyboard; sourceTree = "<group>"; };
		AA2691EE1B128D7D00F3FA79 /* Images.xcassets */ = {isa = PBXFileReference; lastKnownFileType = folder.assetcatalog; path = Images.xcassets; sourceTree = "<group>"; };
		AA2691F11B128D7D00F3FA79 /* Base */ = {isa = PBXFileReference; lastKnownFileType = file.xib; name = Base; path = Base.lproj/LaunchScreen.xib; sourceTree = "<group>"; };
		AA2691F71B128D7D00F3FA79 /* PostCardTests.xctest */ = {isa = PBXFileReference; explicitFileType = wrapper.cfbundle; includeInIndex = 0; path = PostCardTests.xctest; sourceTree = BUILT_PRODUCTS_DIR; };
		AA2691FC1B128D7D00F3FA79 /* Info.plist */ = {isa = PBXFileReference; lastKnownFileType = text.plist.xml; path = Info.plist; sourceTree = "<group>"; };
		AA2691FD1B128D7D00F3FA79 /* PostCardTests.swift */ = {isa = PBXFileReference; lastKnownFileType = sourcecode.swift; path = PostCardTests.swift; sourceTree = "<group>"; };
		AA2692091B12941300F3FA79 /* SagradaFamilia.jpeg */ = {isa = PBXFileReference; lastKnownFileType = image.jpeg; path = SagradaFamilia.jpeg; sourceTree = "<group>"; };
		AA26920B1B1297BF00F3FA79 /* AlbertEinsteinStamp.jpg */ = {isa = PBXFileReference; lastKnownFileType = image.jpeg; path = AlbertEinsteinStamp.jpg; sourceTree = "<group>"; };
/* End PBXFileReference section */

/* Begin PBXFrameworksBuildPhase section */
		AA2691DF1B128D7D00F3FA79 /* Frameworks */ = {
			isa = PBXFrameworksBuildPhase;
			buildActionMask = 2147483647;
			files = (
			);
			runOnlyForDeploymentPostprocessing = 0;
		};
		AA2691F41B128D7D00F3FA79 /* Frameworks */ = {
			isa = PBXFrameworksBuildPhase;
			buildActionMask = 2147483647;
			files = (
			);
			runOnlyForDeploymentPostprocessing = 0;
		};
/* End PBXFrameworksBuildPhase section */

/* Begin PBXGroup section */
		AA2691D91B128D7D00F3FA79 = {
			isa = PBXGroup;
			children = (
				AA2691E41B128D7D00F3FA79 /* PostCard */,
				AA2691FA1B128D7D00F3FA79 /* PostCardTests */,
				AA2691E31B128D7D00F3FA79 /* Products */,
			);
			sourceTree = "<group>";
		};
		AA2691E31B128D7D00F3FA79 /* Products */ = {
			isa = PBXGroup;
			children = (
				AA2691E21B128D7D00F3FA79 /* PostCard.app */,
				AA2691F71B128D7D00F3FA79 /* PostCardTests.xctest */,
			);
			name = Products;
			sourceTree = "<group>";
		};
		AA2691E41B128D7D00F3FA79 /* PostCard */ = {
			isa = PBXGroup;
			children = (
				AA2691E71B128D7D00F3FA79 /* AppDelegate.swift */,
				AA2691E91B128D7D00F3FA79 /* ViewController.swift */,
				AA2691EB1B128D7D00F3FA79 /* Main.storyboard */,
				AA2691EE1B128D7D00F3FA79 /* Images.xcassets */,
				AA2691F01B128D7D00F3FA79 /* LaunchScreen.xib */,
				AA2691E51B128D7D00F3FA79 /* Supporting Files */,
			);
			path = PostCard;
			sourceTree = "<group>";
		};
		AA2691E51B128D7D00F3FA79 /* Supporting Files */ = {
			isa = PBXGroup;
			children = (
				AA26920B1B1297BF00F3FA79 /* AlbertEinsteinStamp.jpg */,
				AA2692091B12941300F3FA79 /* SagradaFamilia.jpeg */,
				AA2691E61B128D7D00F3FA79 /* Info.plist */,
			);
			name = "Supporting Files";
			sourceTree = "<group>";
		};
		AA2691FA1B128D7D00F3FA79 /* PostCardTests */ = {
			isa = PBXGroup;
			children = (
				AA2691FD1B128D7D00F3FA79 /* PostCardTests.swift */,
				AA2691FB1B128D7D00F3FA79 /* Supporting Files */,
			);
			path = PostCardTests;
			sourceTree = "<group>";
		};
		AA2691FB1B128D7D00F3FA79 /* Supporting Files */ = {
			isa = PBXGroup;
			children = (
				AA2691FC1B128D7D00F3FA79 /* Info.plist */,
			);
			name = "Supporting Files";
			sourceTree = "<group>";
		};
/* End PBXGroup section */

/* Begin PBXNativeTarget section */
		AA2691E11B128D7D00F3FA79 /* PostCard */ = {
			isa = PBXNativeTarget;
			buildConfigurationList = AA2692011B128D7D00F3FA79 /* Build configuration list for PBXNativeTarget "PostCard" */;
			buildPhases = (
				AA2691DE1B128D7D00F3FA79 /* Sources */,
				AA2691DF1B128D7D00F3FA79 /* Frameworks */,
				AA2691E01B128D7D00F3FA79 /* Resources */,
			);
			buildRules = (
			);
			dependencies = (
			);
			name = PostCard;
			productName = PostCard;
			productReference = AA2691E21B128D7D00F3FA79 /* PostCard.app */;
			productType = "com.apple.product-type.application";
		};
		AA2691F61B128D7D00F3FA79 /* PostCardTests */ = {
			isa = PBXNativeTarget;
			buildConfigurationList = AA2692041B128D7D00F3FA79 /* Build configuration list for PBXNativeTarget "PostCardTests" */;
			buildPhases = (
				AA2691F31B128D7D00F3FA79 /* Sources */,
				AA2691F41B128D7D00F3FA79 /* Frameworks */,
				AA2691F51B128D7D00F3FA79 /* Resources */,
			);
			buildRules = (
			);
			dependencies = (
				AA2691F91B128D7D00F3FA79 /* PBXTargetDependency */,
			);
			name = PostCardTests;
			productName = PostCardTests;
			productReference = AA2691F71B128D7D00F3FA79 /* PostCardTests.xctest */;
			productType = "com.apple.product-type.bundle.unit-test";
		};
/* End PBXNativeTarget section */

/* Begin PBXProject section */
		AA2691DA1B128D7D00F3FA79 /* Project object */ = {
			isa = PBXProject;
			attributes = {
				LastUpgradeCheck = 0630;
				ORGANIZATIONNAME = "Tasha McGlashan";
				TargetAttributes = {
					AA2691E11B128D7D00F3FA79 = {
						CreatedOnToolsVersion = 6.3.2;
					};
					AA2691F61B128D7D00F3FA79 = {
						CreatedOnToolsVersion = 6.3.2;
						TestTargetID = AA2691E11B128D7D00F3FA79;
					};
				};
			};
			buildConfigurationList = AA2691DD1B128D7D00F3FA79 /* Build configuration list for PBXProject "PostCard" */;
			compatibilityVersion = "Xcode 3.2";
			developmentRegion = English;
			hasScannedForEncodings = 0;
			knownRegions = (
				en,
				Base,
			);
			mainGroup = AA2691D91B128D7D00F3FA79;
			productRefGroup = AA2691E31B128D7D00F3FA79 /* Products */;
			projectDirPath = "";
			projectRoot = "";
			targets = (
				AA2691E11B128D7D00F3FA79 /* PostCard */,
				AA2691F61B128D7D00F3FA79 /* PostCardTests */,
			);
		};
/* End PBXProject section */

/* Begin PBXResourcesBuildPhase section */
		AA2691E01B128D7D00F3FA79 /* Resources */ = {
			isa = PBXResourcesBuildPhase;
			buildActionMask = 2147483647;
			files = (
				AA2691ED1B128D7D00F3FA79 /* Main.storyboard in Resources */,
				AA26920A1B12941300F3FA79 /* SagradaFamilia.jpeg in Resources */,
				AA26920C1B1297BF00F3FA79 /* AlbertEinsteinStamp.jpg in Resources */,
				AA2691F21B128D7D00F3FA79 /* LaunchScreen.xib in Resources */,
				AA2691EF1B128D7D00F3FA79 /* Images.xcassets in Resources */,
			);
			runOnlyForDeploymentPostprocessing = 0;
		};
		AA2691F51B128D7D00F3FA79 /* Resources */ = {
			isa = PBXResourcesBuildPhase;
			buildActionMask = 2147483647;
			files = (
			);
			runOnlyForDeploymentPostprocessing = 0;
		};
/* End PBXResourcesBuildPhase section */

/* Begin PBXSourcesBuildPhase section */
		AA2691DE1B128D7D00F3FA79 /* Sources */ = {
			isa = PBXSourcesBuildPhase;
			buildActionMask = 2147483647;
			files = (
				AA2691EA1B128D7D00F3FA79 /* ViewController.swift in Sources */,
				AA2691E81B128D7D00F3FA79 /* AppDelegate.swift in Sources */,
			);
			runOnlyForDeploymentPostprocessing = 0;
		};
		AA2691F31B128D7D00F3FA79 /* Sources */ = {
			isa = PBXSourcesBuildPhase;
			buildActionMask = 2147483647;
			files = (
				AA2691FE1B128D7D00F3FA79 /* PostCardTests.swift in Sources */,
			);
			runOnlyForDeploymentPostprocessing = 0;
		};
/* End PBXSourcesBuildPhase section */

/* Begin PBXTargetDependency section */
		AA2691F91B128D7D00F3FA79 /* PBXTargetDependency */ = {
			isa = PBXTargetDependency;
			target = AA2691E11B128D7D00F3FA79 /* PostCard */;
			targetProxy = AA2691F81B128D7D00F3FA79 /* PBXContainerItemProxy */;
		};
/* End PBXTargetDependency section */

/* Begin PBXVariantGroup section */
		AA2691EB1B128D7D00F3FA79 /* Main.storyboard */ = {
			isa = PBXVariantGroup;
			children = (
				AA2691EC1B128D7D00F3FA79 /* Base */,
			);
			name = Main.storyboard;
			sourceTree = "<group>";
		};
		AA2691F01B128D7D00F3FA79 /* LaunchScreen.xib */ = {
			isa = PBXVariantGroup;
			children = (
				AA2691F11B128D7D00F3FA79 /* Base */,
			);
			name = LaunchScreen.xib;
			sourceTree = "<group>";
		};
/* End PBXVariantGroup section */

/* Begin XCBuildConfiguration section */
		AA2691FF1B128D7D00F3FA79 /* Debug */ = {
			isa = XCBuildConfiguration;
			buildSettings = {
				ALWAYS_SEARCH_USER_PATHS = NO;
				CLANG_CXX_LANGUAGE_STANDARD = "gnu++0x";
				CLANG_CXX_LIBRARY = "libc++";
				CLANG_ENABLE_MODULES = YES;
				CLANG_ENABLE_OBJC_ARC = YES;
				CLANG_WARN_BOOL_CONVERSION = YES;
				CLANG_WARN_CONSTANT_CONVERSION = YES;
				CLANG_WARN_DIRECT_OBJC_ISA_USAGE = YES_ERROR;
				CLANG_WARN_EMPTY_BODY = YES;
				CLANG_WARN_ENUM_CONVERSION = YES;
				CLANG_WARN_INT_CONVERSION = YES;
				CLANG_WARN_OBJC_ROOT_CLASS = YES_ERROR;
				CLANG_WARN_UNREACHABLE_CODE = YES;
				CLANG_WARN__DUPLICATE_METHOD_MATCH = YES;
				"CODE_SIGN_IDENTITY[sdk=iphoneos*]" = "iPhone Developer";
				COPY_PHASE_STRIP = NO;
				DEBUG_INFORMATION_FORMAT = "dwarf-with-dsym";
				ENABLE_STRICT_OBJC_MSGSEND = YES;
				GCC_C_LANGUAGE_STANDARD = gnu99;
				GCC_DYNAMIC_NO_PIC = NO;
				GCC_NO_COMMON_BLOCKS = YES;
				GCC_OPTIMIZATION_LEVEL = 0;
				GCC_PREPROCESSOR_DEFINITIONS = (
					"DEBUG=1",
					"$(inherited)",
				);
				GCC_SYMBOLS_PRIVATE_EXTERN = NO;
				GCC_WARN_64_TO_32_BIT_CONVERSION = YES;
				GCC_WARN_ABOUT_RETURN_TYPE = YES_ERROR;
				GCC_WARN_UNDECLARED_SELECTOR = YES;
				GCC_WARN_UNINITIALIZED_AUTOS = YES_AGGRESSIVE;
				GCC_WARN_UNUSED_FUNCTION = YES;
				GCC_WARN_UNUSED_VARIABLE = YES;
				IPHONEOS_DEPLOYMENT_TARGET = 8.3;
				MTL_ENABLE_DEBUG_INFO = YES;
				ONLY_ACTIVE_ARCH = YES;
				SDKROOT = iphoneos;
				SWIFT_OPTIMIZATION_LEVEL = "-Onone";
				TARGETED_DEVICE_FAMILY = "1,2";
			};
			name = Debug;
		};
		AA2692001B128D7D00F3FA79 /* Release */ = {
			isa = XCBuildConfiguration;
			buildSettings = {
				ALWAYS_SEARCH_USER_PATHS = NO;
				CLANG_CXX_LANGUAGE_STANDARD = "gnu++0x";
				CLANG_CXX_LIBRARY = "libc++";
				CLANG_ENABLE_MODULES = YES;
				CLANG_ENABLE_OBJC_ARC = YES;
				CLANG_WARN_BOOL_CONVERSION = YES;
				CLANG_WARN_CONSTANT_CONVERSION = YES;
				CLANG_WARN_DIRECT_OBJC_ISA_USAGE = YES_ERROR;
				CLANG_WARN_EMPTY_BODY = YES;
				CLANG_WARN_ENUM_CONVERSION = YES;
				CLANG_WARN_INT_CONVERSION = YES;
				CLANG_WARN_OBJC_ROOT_CLASS = YES_ERROR;
				CLANG_WARN_UNREACHABLE_CODE = YES;
				CLANG_WARN__DUPLICATE_METHOD_MATCH = YES;
				"CODE_SIGN_IDENTITY[sdk=iphoneos*]" = "iPhone Developer";
				COPY_PHASE_STRIP = NO;
				DEBUG_INFORMATION_FORMAT = "dwarf-with-dsym";
				ENABLE_NS_ASSERTIONS = NO;
				ENABLE_STRICT_OBJC_MSGSEND = YES;
				GCC_C_LANGUAGE_STANDARD = gnu99;
				GCC_NO_COMMON_BLOCKS = YES;
				GCC_WARN_64_TO_32_BIT_CONVERSION = YES;
				GCC_WARN_ABOUT_RETURN_TYPE = YES_ERROR;
				GCC_WARN_UNDECLARED_SELECTOR = YES;
				GCC_WARN_UNINITIALIZED_AUTOS = YES_AGGRESSIVE;
				GCC_WARN_UNUSED_FUNCTION = YES;
				GCC_WARN_UNUSED_VARIABLE = YES;
				IPHONEOS_DEPLOYMENT_TARGET = 8.3;
				MTL_ENABLE_DEBUG_INFO = NO;
				SDKROOT = iphoneos;
				TARGETED_DEVICE_FAMILY = "1,2";
				VALIDATE_PRODUCT = YES;
			};
			name = Release;
		};
		AA2692021B128D7D00F3FA79 /* Debug */ = {
			isa = XCBuildConfiguration;
			buildSettings = {
				ASSETCATALOG_COMPILER_APPICON_NAME = AppIcon;
				INFOPLIST_FILE = PostCard/Info.plist;
				LD_RUNPATH_SEARCH_PATHS = "$(inherited) @executable_path/Frameworks";
				PRODUCT_NAME = "$(TARGET_NAME)";
			};
			name = Debug;
		};
		AA2692031B128D7D00F3FA79 /* Release */ = {
			isa = XCBuildConfiguration;
			buildSettings = {
				ASSETCATALOG_COMPILER_APPICON_NAME = AppIcon;
				INFOPLIST_FILE = PostCard/Info.plist;
				LD_RUNPATH_SEARCH_PATHS = "$(inherited) @executable_path/Frameworks";
				PRODUCT_NAME = "$(TARGET_NAME)";
			};
			name = Release;
		};
		AA2692051B128D7D00F3FA79 /* Debug */ = {
			isa = XCBuildConfiguration;
			buildSettings = {
				BUNDLE_LOADER = "$(TEST_HOST)";
				FRAMEWORK_SEARCH_PATHS = (
					"$(SDKROOT)/Developer/Library/Frameworks",
					"$(inherited)",
				);
				GCC_PREPROCESSOR_DEFINITIONS = (
					"DEBUG=1",
					"$(inherited)",
				);
				INFOPLIST_FILE = PostCardTests/Info.plist;
				LD_RUNPATH_SEARCH_PATHS = "$(inherited) @executable_path/Frameworks @loader_path/Frameworks";
				PRODUCT_NAME = "$(TARGET_NAME)";
				TEST_HOST = "$(BUILT_PRODUCTS_DIR)/PostCard.app/PostCard";
			};
			name = Debug;
		};
		AA2692061B128D7D00F3FA79 /* Release */ = {
			isa = XCBuildConfiguration;
			buildSettings = {
				BUNDLE_LOADER = "$(TEST_HOST)";
				FRAMEWORK_SEARCH_PATHS = (
					"$(SDKROOT)/Developer/Library/Frameworks",
					"$(inherited)",
				);
				INFOPLIST_FILE = PostCardTests/Info.plist;
				LD_RUNPATH_SEARCH_PATHS = "$(inherited) @executable_path/Frameworks @loader_path/Frameworks";
				PRODUCT_NAME = "$(TARGET_NAME)";
				TEST_HOST = "$(BUILT_PRODUCTS_DIR)/PostCard.app/PostCard";
			};
			name = Release;
		};
/* End XCBuildConfiguration section */

/* Begin XCConfigurationList section */
		AA2691DD1B128D7D00F3FA79 /* Build configuration list for PBXProject "PostCard" */ = {
			isa = XCConfigurationList;
			buildConfigurations = (
				AA2691FF1B128D7D00F3FA79 /* Debug */,
				AA2692001B128D7D00F3FA79 /* Release */,
			);
			defaultConfigurationIsVisible = 0;
			defaultConfigurationName = Release;
		};
		AA2692011B128D7D00F3FA79 /* Build configuration list for PBXNativeTarget "PostCard" */ = {
			isa = XCConfigurationList;
			buildConfigurations = (
				AA2692021B128D7D00F3FA79 /* Debug */,
				AA2692031B128D7D00F3FA79 /* Release */,
			);
			defaultConfigurationIsVisible = 0;
		};
		AA2692041B128D7D00F3FA79 /* Build configuration list for PBXNativeTarget "PostCardTests" */ = {
			isa = XCConfigurationList;
			buildConfigurations = (
				AA2692051B128D7D00F3FA79 /* Debug */,
				AA2692061B128D7D00F3FA79 /* Release */,
			);
			defaultConfigurationIsVisible = 0;
		};
/* End XCConfigurationList section */
	};
	rootObject = AA2691DA1B128D7D00F3FA79 /* Project object */;
}
